PODS:
  - authnull (0.0.1):
    - Flutter
  - Flutter (1.0.0)

DEPENDENCIES:
  - authnull (from `.symlinks/plugins/authnull/ios`)
  - Flutter (from `Flutter`)

EXTERNAL SOURCES:
  authnull:
    :path: ".symlinks/plugins/authnull/ios"
  Flutter:
    :path: Flutter

SPEC CHECKSUMS:
  authnull: 3c191f695b2e274538a69de9d962605f0ee4223e
  Flutter: 0e3d915762c693b495b44d77113d4970485de6ec

PODFILE CHECKSUM: 1b66dae606f75376c5f2135a8290850eeb09ae83

COCOAPODS: 1.8.4
